<?xml version="1.0" encoding="utf-8"?>
<Project ToolsVersion="4.0" xmlns="http://schemas.microsoft.com/developer/msbuild/2003">
  <ItemGroup>
    <Filter Include="Source Files">
      <UniqueIdentifier>{4FC737F1-C7A5-4376-A066-2A32D752A2FF}</UniqueIdentifier>
      <Extensions>cpp;c;cc;cxx;c++;cppm;ixx;def;odl;idl;hpj;bat;asm;asmx</Extensions>
    </Filter>
    <Filter Include="Header Files">
      <UniqueIdentifier>{93995380-89BD-4b04-88EB-625FBE52EBFB}</UniqueIdentifier>
      <Extensions>h;hh;hpp;hxx;h++;hm;inl;inc;ipp;xsd</Extensions>
    </Filter>
    <Filter Include="Resource Files">
      <UniqueIdentifier>{67DA6AB6-F800-4c08-8B7A-83BB121AAD01}</UniqueIdentifier>
      <Extensions>rc;ico;cur;bmp;dlg;rc2;rct;bin;rgs;gif;jpg;jpeg;jpe;resx;tiff;tif;png;wav;mfcribbon-ms</Extensions>
    </Filter>
  </ItemGroup>
  <ItemGroup>
    <None Include="Example-Project\.gitignore" />
    <None Include="Example-Project\common.mk" />
    <None Include="Example-Project\compile_commands.json" />
    <None Include="Example-Project\EZ-Template%402.1.2.zip" />
    <None Include="Example-Project\Makefile" />
    <None Include="Example-Project\project.pros" />
    <None Include="Example-Project\README.md" />
    <None Include="Example-Project\bin\cold.package.bin">
      <Filter>Resource Files</Filter>
    </None>
    <None Include="Example-Project\bin\hot.package.bin">
      <Filter>Resource Files</Filter>
    </None>
    <None Include="Example-Project\firmware\v5.ld" />
    <None Include="Example-Project\firmware\v5-common.ld" />
    <None Include="Example-Project\firmware\v5-hot.ld" />
    <None Include="Example-Project\bin\cold.package.elf" />
    <None Include="Example-Project\bin\hot.package.elf" />
    <None Include="Example-Project\.d\autons.cpp.d" />
    <None Include="Example-Project\.d\main.cpp.d" />
    <None Include="project.pros" />
    <None Include="Makefile" />
    <None Include="EZ-Template%402.1.2.zip" />
    <None Include="compile_commands.json" />
    <None Include=".gitignore" />
  </ItemGroup>
  <ItemGroup>
    <ClCompile Include="Example-Project\src\autons.cpp">
      <Filter>Source Files</Filter>
    </ClCompile>
    <ClCompile Include="Example-Project\src\main.cpp">
      <Filter>Source Files</Filter>
    </ClCompile>
    <ClCompile Include="src\autons.cpp">
      <Filter>Source Files</Filter>
    </ClCompile>
    <ClCompile Include="src\main.cpp">
      <Filter>Source Files</Filter>
    </ClCompile>
    <ClCompile Include="include\organiz\devices.h">
      <Filter>Source Files</Filter>
    </ClCompile>
    <ClCompile Include="src\organiz\devices.cpp">
      <Filter>Source Files</Filter>
    </ClCompile>
    <ClCompile Include="src\organiz\opcontrol.cpp">
      <Filter>Source Files</Filter>
    </ClCompile>
  </ItemGroup>
  <ItemGroup>
    <ClInclude Include="Example-Project\include\api.h">
      <Filter>Header Files</Filter>
    </ClInclude>
    <ClInclude Include="Example-Project\include\autons.hpp">
      <Filter>Header Files</Filter>
    </ClInclude>
    <ClInclude Include="Example-Project\include\main.h">
      <Filter>Header Files</Filter>
    </ClInclude>
    <ClInclude Include="Example-Project\include\pros\adi.h">
      <Filter>Header Files</Filter>
    </ClInclude>
    <ClInclude Include="Example-Project\include\pros\adi.hpp">
      <Filter>Header Files</Filter>
    </ClInclude>
    <ClInclude Include="Example-Project\include\pros\api_legacy.h">
      <Filter>Header Files</Filter>
    </ClInclude>
    <ClInclude Include="Example-Project\include\pros\apix.h">
      <Filter>Header Files</Filter>
    </ClInclude>
    <ClInclude Include="Example-Project\include\pros\colors.h">
      <Filter>Header Files</Filter>
    </ClInclude>
    <ClInclude Include="Example-Project\include\pros\colors.hpp">
      <Filter>Header Files</Filter>
    </ClInclude>
    <ClInclude Include="Example-Project\include\pros\distance.h">
      <Filter>Header Files</Filter>
    </ClInclude>
    <ClInclude Include="Example-Project\include\pros\distance.hpp">
      <Filter>Header Files</Filter>
    </ClInclude>
    <ClInclude Include="Example-Project\include\pros\error.h">
      <Filter>Header Files</Filter>
    </ClInclude>
    <ClInclude Include="Example-Project\include\pros\ext_adi.h">
      <Filter>Header Files</Filter>
    </ClInclude>
    <ClInclude Include="Example-Project\include\pros\gps.h">
      <Filter>Header Files</Filter>
    </ClInclude>
    <ClInclude Include="Example-Project\include\pros\gps.hpp">
      <Filter>Header Files</Filter>
    </ClInclude>
    <ClInclude Include="Example-Project\include\pros\imu.h">
      <Filter>Header Files</Filter>
    </ClInclude>
    <ClInclude Include="Example-Project\include\pros\imu.hpp">
      <Filter>Header Files</Filter>
    </ClInclude>
    <ClInclude Include="Example-Project\include\pros\link.h">
      <Filter>Header Files</Filter>
    </ClInclude>
    <ClInclude Include="Example-Project\include\pros\link.hpp">
      <Filter>Header Files</Filter>
    </ClInclude>
    <ClInclude Include="Example-Project\include\pros\llemu.h">
      <Filter>Header Files</Filter>
    </ClInclude>
    <ClInclude Include="Example-Project\include\pros\llemu.hpp">
      <Filter>Header Files</Filter>
    </ClInclude>
    <ClInclude Include="Example-Project\include\pros\misc.h">
      <Filter>Header Files</Filter>
    </ClInclude>
    <ClInclude Include="Example-Project\include\pros\misc.hpp">
      <Filter>Header Files</Filter>
    </ClInclude>
    <ClInclude Include="Example-Project\include\pros\motors.h">
      <Filter>Header Files</Filter>
    </ClInclude>
    <ClInclude Include="Example-Project\include\pros\motors.hpp">
      <Filter>Header Files</Filter>
    </ClInclude>
    <ClInclude Include="Example-Project\include\pros\optical.h">
      <Filter>Header Files</Filter>
    </ClInclude>
    <ClInclude Include="Example-Project\include\pros\optical.hpp">
      <Filter>Header Files</Filter>
    </ClInclude>
    <ClInclude Include="Example-Project\include\pros\rotation.h">
      <Filter>Header Files</Filter>
    </ClInclude>
    <ClInclude Include="Example-Project\include\pros\rotation.hpp">
      <Filter>Header Files</Filter>
    </ClInclude>
    <ClInclude Include="Example-Project\include\pros\rtos.h">
      <Filter>Header Files</Filter>
    </ClInclude>
    <ClInclude Include="Example-Project\include\pros\rtos.hpp">
      <Filter>Header Files</Filter>
    </ClInclude>
    <ClInclude Include="Example-Project\include\pros\screen.h">
      <Filter>Header Files</Filter>
    </ClInclude>
    <ClInclude Include="Example-Project\include\pros\screen.hpp">
      <Filter>Header Files</Filter>
    </ClInclude>
    <ClInclude Include="Example-Project\include\pros\serial.h">
      <Filter>Header Files</Filter>
    </ClInclude>
    <ClInclude Include="Example-Project\include\pros\serial.hpp">
      <Filter>Header Files</Filter>
    </ClInclude>
    <ClInclude Include="Example-Project\include\pros\vision.h">
      <Filter>Header Files</Filter>
    </ClInclude>
    <ClInclude Include="Example-Project\include\pros\vision.hpp">
      <Filter>Header Files</Filter>
    </ClInclude>
    <ClInclude Include="Example-Project\include\EZ-Template\drive\drive.hpp">
      <Filter>Header Files</Filter>
    </ClInclude>
    <ClInclude Include="Example-Project\include\EZ-Template\api.hpp">
      <Filter>Header Files</Filter>
    </ClInclude>
    <ClInclude Include="Example-Project\include\EZ-Template\auton.hpp">
      <Filter>Header Files</Filter>
    </ClInclude>
    <ClInclude Include="Example-Project\include\EZ-Template\auton_selector.hpp">
      <Filter>Header Files</Filter>
    </ClInclude>
    <ClInclude Include="Example-Project\include\EZ-Template\PID.hpp">
      <Filter>Header Files</Filter>
    </ClInclude>
    <ClInclude Include="Example-Project\include\EZ-Template\sdcard.hpp">
      <Filter>Header Files</Filter>
    </ClInclude>
    <ClInclude Include="Example-Project\include\EZ-Template\util.hpp">
      <Filter>Header Files</Filter>
    </ClInclude>
    <ClInclude Include="Example-Project\include\display\lv_core\lv_group.h">
      <Filter>Header Files</Filter>
    </ClInclude>
    <ClInclude Include="Example-Project\include\display\lv_core\lv_indev.h">
      <Filter>Header Files</Filter>
    </ClInclude>
    <ClInclude Include="Example-Project\include\display\lv_core\lv_lang.h">
      <Filter>Header Files</Filter>
    </ClInclude>
    <ClInclude Include="Example-Project\include\display\lv_core\lv_obj.h">
      <Filter>Header Files</Filter>
    </ClInclude>
    <ClInclude Include="Example-Project\include\display\lv_core\lv_refr.h">
      <Filter>Header Files</Filter>
    </ClInclude>
    <ClInclude Include="Example-Project\include\display\lv_core\lv_style.h">
      <Filter>Header Files</Filter>
    </ClInclude>
    <ClInclude Include="Example-Project\include\display\lv_core\lv_vdb.h">
      <Filter>Header Files</Filter>
    </ClInclude>
    <ClInclude Include="Example-Project\include\display\lv_draw\lv_draw.h">
      <Filter>Header Files</Filter>
    </ClInclude>
    <ClInclude Include="Example-Project\include\display\lv_draw\lv_draw_arc.h">
      <Filter>Header Files</Filter>
    </ClInclude>
    <ClInclude Include="Example-Project\include\display\lv_draw\lv_draw_img.h">
      <Filter>Header Files</Filter>
    </ClInclude>
    <ClInclude Include="Example-Project\include\display\lv_draw\lv_draw_label.h">
      <Filter>Header Files</Filter>
    </ClInclude>
    <ClInclude Include="Example-Project\include\display\lv_draw\lv_draw_line.h">
      <Filter>Header Files</Filter>
    </ClInclude>
    <ClInclude Include="Example-Project\include\display\lv_draw\lv_draw_rbasic.h">
      <Filter>Header Files</Filter>
    </ClInclude>
    <ClInclude Include="Example-Project\include\display\lv_draw\lv_draw_rect.h">
      <Filter>Header Files</Filter>
    </ClInclude>
    <ClInclude Include="Example-Project\include\display\lv_draw\lv_draw_triangle.h">
      <Filter>Header Files</Filter>
    </ClInclude>
    <ClInclude Include="Example-Project\include\display\lv_draw\lv_draw_vbasic.h">
      <Filter>Header Files</Filter>
    </ClInclude>
    <ClInclude Include="Example-Project\include\display\lv_fonts\lv_font_builtin.h">
      <Filter>Header Files</Filter>
    </ClInclude>
    <ClInclude Include="Example-Project\include\display\lv_hal\lv_hal.h">
      <Filter>Header Files</Filter>
    </ClInclude>
    <ClInclude Include="Example-Project\include\display\lv_hal\lv_hal_disp.h">
      <Filter>Header Files</Filter>
    </ClInclude>
    <ClInclude Include="Example-Project\include\display\lv_hal\lv_hal_indev.h">
      <Filter>Header Files</Filter>
    </ClInclude>
    <ClInclude Include="Example-Project\include\display\lv_hal\lv_hal_tick.h">
      <Filter>Header Files</Filter>
    </ClInclude>
    <ClInclude Include="Example-Project\include\display\lv_misc\lv_anim.h">
      <Filter>Header Files</Filter>
    </ClInclude>
    <ClInclude Include="Example-Project\include\display\lv_misc\lv_area.h">
      <Filter>Header Files</Filter>
    </ClInclude>
    <ClInclude Include="Example-Project\include\display\lv_misc\lv_circ.h">
      <Filter>Header Files</Filter>
    </ClInclude>
    <ClInclude Include="Example-Project\include\display\lv_misc\lv_color.h">
      <Filter>Header Files</Filter>
    </ClInclude>
    <ClInclude Include="Example-Project\include\display\lv_misc\lv_font.h">
      <Filter>Header Files</Filter>
    </ClInclude>
    <ClInclude Include="Example-Project\include\display\lv_misc\lv_fs.h">
      <Filter>Header Files</Filter>
    </ClInclude>
    <ClInclude Include="Example-Project\include\display\lv_misc\lv_gc.h">
      <Filter>Header Files</Filter>
    </ClInclude>
    <ClInclude Include="Example-Project\include\display\lv_misc\lv_ll.h">
      <Filter>Header Files</Filter>
    </ClInclude>
    <ClInclude Include="Example-Project\include\display\lv_misc\lv_log.h">
      <Filter>Header Files</Filter>
    </ClInclude>
    <ClInclude Include="Example-Project\include\display\lv_misc\lv_math.h">
      <Filter>Header Files</Filter>
    </ClInclude>
    <ClInclude Include="Example-Project\include\display\lv_misc\lv_mem.h">
      <Filter>Header Files</Filter>
    </ClInclude>
    <ClInclude Include="Example-Project\include\display\lv_misc\lv_symbol_def.h">
      <Filter>Header Files</Filter>
    </ClInclude>
    <ClInclude Include="Example-Project\include\display\lv_misc\lv_task.h">
      <Filter>Header Files</Filter>
    </ClInclude>
    <ClInclude Include="Example-Project\include\display\lv_misc\lv_templ.h">
      <Filter>Header Files</Filter>
    </ClInclude>
    <ClInclude Include="Example-Project\include\display\lv_misc\lv_txt.h">
      <Filter>Header Files</Filter>
    </ClInclude>
    <ClInclude Include="Example-Project\include\display\lv_misc\lv_ufs.h">
      <Filter>Header Files</Filter>
    </ClInclude>
    <ClInclude Include="Example-Project\include\display\lv_objx\lv_arc.h">
      <Filter>Header Files</Filter>
    </ClInclude>
    <ClInclude Include="Example-Project\include\display\lv_objx\lv_bar.h">
      <Filter>Header Files</Filter>
    </ClInclude>
    <ClInclude Include="Example-Project\include\display\lv_objx\lv_btn.h">
      <Filter>Header Files</Filter>
    </ClInclude>
    <ClInclude Include="Example-Project\include\display\lv_objx\lv_btnm.h">
      <Filter>Header Files</Filter>
    </ClInclude>
    <ClInclude Include="Example-Project\include\display\lv_objx\lv_calendar.h">
      <Filter>Header Files</Filter>
    </ClInclude>
    <ClInclude Include="Example-Project\include\display\lv_objx\lv_canvas.h">
      <Filter>Header Files</Filter>
    </ClInclude>
    <ClInclude Include="Example-Project\include\display\lv_objx\lv_cb.h">
      <Filter>Header Files</Filter>
    </ClInclude>
    <ClInclude Include="Example-Project\include\display\lv_objx\lv_chart.h">
      <Filter>Header Files</Filter>
    </ClInclude>
    <ClInclude Include="Example-Project\include\display\lv_objx\lv_cont.h">
      <Filter>Header Files</Filter>
    </ClInclude>
    <ClInclude Include="Example-Project\include\display\lv_objx\lv_ddlist.h">
      <Filter>Header Files</Filter>
    </ClInclude>
    <ClInclude Include="Example-Project\include\display\lv_objx\lv_gauge.h">
      <Filter>Header Files</Filter>
    </ClInclude>
    <ClInclude Include="Example-Project\include\display\lv_objx\lv_img.h">
      <Filter>Header Files</Filter>
    </ClInclude>
    <ClInclude Include="Example-Project\include\display\lv_objx\lv_imgbtn.h">
      <Filter>Header Files</Filter>
    </ClInclude>
    <ClInclude Include="Example-Project\include\display\lv_objx\lv_kb.h">
      <Filter>Header Files</Filter>
    </ClInclude>
    <ClInclude Include="Example-Project\include\display\lv_objx\lv_label.h">
      <Filter>Header Files</Filter>
    </ClInclude>
    <ClInclude Include="Example-Project\include\display\lv_objx\lv_led.h">
      <Filter>Header Files</Filter>
    </ClInclude>
    <ClInclude Include="Example-Project\include\display\lv_objx\lv_line.h">
      <Filter>Header Files</Filter>
    </ClInclude>
    <ClInclude Include="Example-Project\include\display\lv_objx\lv_list.h">
      <Filter>Header Files</Filter>
    </ClInclude>
    <ClInclude Include="Example-Project\include\display\lv_objx\lv_lmeter.h">
      <Filter>Header Files</Filter>
    </ClInclude>
    <ClInclude Include="Example-Project\include\display\lv_objx\lv_mbox.h">
      <Filter>Header Files</Filter>
    </ClInclude>
    <ClInclude Include="Example-Project\include\display\lv_objx\lv_objx_templ.h">
      <Filter>Header Files</Filter>
    </ClInclude>
    <ClInclude Include="Example-Project\include\display\lv_objx\lv_page.h">
      <Filter>Header Files</Filter>
    </ClInclude>
    <ClInclude Include="Example-Project\include\display\lv_objx\lv_preload.h">
      <Filter>Header Files</Filter>
    </ClInclude>
    <ClInclude Include="Example-Project\include\display\lv_objx\lv_roller.h">
      <Filter>Header Files</Filter>
    </ClInclude>
    <ClInclude Include="Example-Project\include\display\lv_objx\lv_slider.h">
      <Filter>Header Files</Filter>
    </ClInclude>
    <ClInclude Include="Example-Project\include\display\lv_objx\lv_spinbox.h">
      <Filter>Header Files</Filter>
    </ClInclude>
    <ClInclude Include="Example-Project\include\display\lv_objx\lv_sw.h">
      <Filter>Header Files</Filter>
    </ClInclude>
    <ClInclude Include="Example-Project\include\display\lv_objx\lv_ta.h">
      <Filter>Header Files</Filter>
    </ClInclude>
    <ClInclude Include="Example-Project\include\display\lv_objx\lv_table.h">
      <Filter>Header Files</Filter>
    </ClInclude>
    <ClInclude Include="Example-Project\include\display\lv_objx\lv_tabview.h">
      <Filter>Header Files</Filter>
    </ClInclude>
    <ClInclude Include="Example-Project\include\display\lv_objx\lv_tileview.h">
      <Filter>Header Files</Filter>
    </ClInclude>
    <ClInclude Include="Example-Project\include\display\lv_objx\lv_win.h">
      <Filter>Header Files</Filter>
    </ClInclude>
    <ClInclude Include="Example-Project\include\display\lv_themes\lv_theme.h">
      <Filter>Header Files</Filter>
    </ClInclude>
    <ClInclude Include="Example-Project\include\display\lv_themes\lv_theme_alien.h">
      <Filter>Header Files</Filter>
    </ClInclude>
    <ClInclude Include="Example-Project\include\display\lv_themes\lv_theme_default.h">
      <Filter>Header Files</Filter>
    </ClInclude>
    <ClInclude Include="Example-Project\include\display\lv_themes\lv_theme_material.h">
      <Filter>Header Files</Filter>
    </ClInclude>
    <ClInclude Include="Example-Project\include\display\lv_themes\lv_theme_mono.h">
      <Filter>Header Files</Filter>
    </ClInclude>
    <ClInclude Include="Example-Project\include\display\lv_themes\lv_theme_nemo.h">
      <Filter>Header Files</Filter>
    </ClInclude>
    <ClInclude Include="Example-Project\include\display\lv_themes\lv_theme_night.h">
      <Filter>Header Files</Filter>
    </ClInclude>
    <ClInclude Include="Example-Project\include\display\lv_themes\lv_theme_templ.h">
      <Filter>Header Files</Filter>
    </ClInclude>
    <ClInclude Include="Example-Project\include\display\lv_themes\lv_theme_zen.h">
      <Filter>Header Files</Filter>
    </ClInclude>
    <ClInclude Include="Example-Project\include\display\lv_conf.h">
      <Filter>Header Files</Filter>
    </ClInclude>
    <ClInclude Include="Example-Project\include\display\lv_conf_checker.h">
      <Filter>Header Files</Filter>
    </ClInclude>
    <ClInclude Include="Example-Project\include\display\lv_version.h">
      <Filter>Header Files</Filter>
    </ClInclude>
    <ClInclude Include="Example-Project\include\display\lvgl.h">
      <Filter>Header Files</Filter>
    </ClInclude>
    <ClInclude Include="include\display\lv_core\lv_group.h">
      <Filter>Header Files</Filter>
    </ClInclude>
    <ClInclude Include="include\display\lv_core\lv_indev.h">
      <Filter>Header Files</Filter>
    </ClInclude>
    <ClInclude Include="include\display\lv_core\lv_lang.h">
      <Filter>Header Files</Filter>
    </ClInclude>
    <ClInclude Include="include\display\lv_core\lv_obj.h">
      <Filter>Header Files</Filter>
    </ClInclude>
    <ClInclude Include="include\display\lv_core\lv_refr.h">
      <Filter>Header Files</Filter>
    </ClInclude>
    <ClInclude Include="include\display\lv_core\lv_style.h">
      <Filter>Header Files</Filter>
    </ClInclude>
    <ClInclude Include="include\display\lv_core\lv_vdb.h">
      <Filter>Header Files</Filter>
    </ClInclude>
    <ClInclude Include="include\display\lv_draw\lv_draw.h">
      <Filter>Header Files</Filter>
    </ClInclude>
    <ClInclude Include="include\display\lv_draw\lv_draw_arc.h">
      <Filter>Header Files</Filter>
    </ClInclude>
    <ClInclude Include="include\display\lv_draw\lv_draw_img.h">
      <Filter>Header Files</Filter>
    </ClInclude>
    <ClInclude Include="include\display\lv_draw\lv_draw_label.h">
      <Filter>Header Files</Filter>
    </ClInclude>
    <ClInclude Include="include\display\lv_draw\lv_draw_line.h">
      <Filter>Header Files</Filter>
    </ClInclude>
    <ClInclude Include="include\display\lv_draw\lv_draw_rbasic.h">
      <Filter>Header Files</Filter>
    </ClInclude>
    <ClInclude Include="include\display\lv_draw\lv_draw_rect.h">
      <Filter>Header Files</Filter>
    </ClInclude>
    <ClInclude Include="include\display\lv_draw\lv_draw_triangle.h">
      <Filter>Header Files</Filter>
    </ClInclude>
    <ClInclude Include="include\display\lv_draw\lv_draw_vbasic.h">
      <Filter>Header Files</Filter>
    </ClInclude>
    <ClInclude Include="include\display\lv_fonts\lv_font_builtin.h">
      <Filter>Header Files</Filter>
    </ClInclude>
    <ClInclude Include="include\display\lv_hal\lv_hal.h">
      <Filter>Header Files</Filter>
    </ClInclude>
    <ClInclude Include="include\display\lv_hal\lv_hal_disp.h">
      <Filter>Header Files</Filter>
    </ClInclude>
    <ClInclude Include="include\display\lv_hal\lv_hal_indev.h">
      <Filter>Header Files</Filter>
    </ClInclude>
    <ClInclude Include="include\display\lv_hal\lv_hal_tick.h">
      <Filter>Header Files</Filter>
    </ClInclude>
    <ClInclude Include="include\display\lv_misc\lv_anim.h">
      <Filter>Header Files</Filter>
    </ClInclude>
    <ClInclude Include="include\display\lv_misc\lv_area.h">
      <Filter>Header Files</Filter>
    </ClInclude>
    <ClInclude Include="include\display\lv_misc\lv_circ.h">
      <Filter>Header Files</Filter>
    </ClInclude>
    <ClInclude Include="include\display\lv_misc\lv_color.h">
      <Filter>Header Files</Filter>
    </ClInclude>
    <ClInclude Include="include\display\lv_misc\lv_font.h">
      <Filter>Header Files</Filter>
    </ClInclude>
    <ClInclude Include="include\display\lv_misc\lv_fs.h">
      <Filter>Header Files</Filter>
    </ClInclude>
    <ClInclude Include="include\display\lv_misc\lv_gc.h">
      <Filter>Header Files</Filter>
    </ClInclude>
    <ClInclude Include="include\display\lv_misc\lv_ll.h">
      <Filter>Header Files</Filter>
    </ClInclude>
    <ClInclude Include="include\display\lv_misc\lv_log.h">
      <Filter>Header Files</Filter>
    </ClInclude>
    <ClInclude Include="include\display\lv_misc\lv_math.h">
      <Filter>Header Files</Filter>
    </ClInclude>
    <ClInclude Include="include\display\lv_misc\lv_mem.h">
      <Filter>Header Files</Filter>
    </ClInclude>
    <ClInclude Include="include\display\lv_misc\lv_symbol_def.h">
      <Filter>Header Files</Filter>
    </ClInclude>
    <ClInclude Include="include\display\lv_misc\lv_task.h">
      <Filter>Header Files</Filter>
    </ClInclude>
    <ClInclude Include="include\display\lv_misc\lv_templ.h">
      <Filter>Header Files</Filter>
    </ClInclude>
    <ClInclude Include="include\display\lv_misc\lv_txt.h">
      <Filter>Header Files</Filter>
    </ClInclude>
    <ClInclude Include="include\display\lv_misc\lv_ufs.h">
      <Filter>Header Files</Filter>
    </ClInclude>
    <ClInclude Include="include\display\lv_objx\lv_arc.h">
      <Filter>Header Files</Filter>
    </ClInclude>
    <ClInclude Include="include\display\lv_objx\lv_bar.h">
      <Filter>Header Files</Filter>
    </ClInclude>
    <ClInclude Include="include\display\lv_objx\lv_btn.h">
      <Filter>Header Files</Filter>
    </ClInclude>
    <ClInclude Include="include\display\lv_objx\lv_btnm.h">
      <Filter>Header Files</Filter>
    </ClInclude>
    <ClInclude Include="include\display\lv_objx\lv_calendar.h">
      <Filter>Header Files</Filter>
    </ClInclude>
    <ClInclude Include="include\display\lv_objx\lv_canvas.h">
      <Filter>Header Files</Filter>
    </ClInclude>
    <ClInclude Include="include\display\lv_objx\lv_cb.h">
      <Filter>Header Files</Filter>
    </ClInclude>
    <ClInclude Include="include\display\lv_objx\lv_chart.h">
      <Filter>Header Files</Filter>
    </ClInclude>
    <ClInclude Include="include\display\lv_objx\lv_cont.h">
      <Filter>Header Files</Filter>
    </ClInclude>
    <ClInclude Include="include\display\lv_objx\lv_ddlist.h">
      <Filter>Header Files</Filter>
    </ClInclude>
    <ClInclude Include="include\display\lv_objx\lv_gauge.h">
      <Filter>Header Files</Filter>
    </ClInclude>
    <ClInclude Include="include\display\lv_objx\lv_img.h">
      <Filter>Header Files</Filter>
    </ClInclude>
    <ClInclude Include="include\display\lv_objx\lv_imgbtn.h">
      <Filter>Header Files</Filter>
    </ClInclude>
    <ClInclude Include="include\display\lv_objx\lv_kb.h">
      <Filter>Header Files</Filter>
    </ClInclude>
    <ClInclude Include="include\display\lv_objx\lv_label.h">
      <Filter>Header Files</Filter>
    </ClInclude>
    <ClInclude Include="include\display\lv_objx\lv_led.h">
      <Filter>Header Files</Filter>
    </ClInclude>
    <ClInclude Include="include\display\lv_objx\lv_line.h">
      <Filter>Header Files</Filter>
    </ClInclude>
    <ClInclude Include="include\display\lv_objx\lv_list.h">
      <Filter>Header Files</Filter>
    </ClInclude>
    <ClInclude Include="include\display\lv_objx\lv_lmeter.h">
      <Filter>Header Files</Filter>
    </ClInclude>
    <ClInclude Include="include\display\lv_objx\lv_mbox.h">
      <Filter>Header Files</Filter>
    </ClInclude>
    <ClInclude Include="include\display\lv_objx\lv_objx_templ.h">
      <Filter>Header Files</Filter>
    </ClInclude>
    <ClInclude Include="include\display\lv_objx\lv_page.h">
      <Filter>Header Files</Filter>
    </ClInclude>
    <ClInclude Include="include\display\lv_objx\lv_preload.h">
      <Filter>Header Files</Filter>
    </ClInclude>
    <ClInclude Include="include\display\lv_objx\lv_roller.h">
      <Filter>Header Files</Filter>
    </ClInclude>
    <ClInclude Include="include\display\lv_objx\lv_slider.h">
      <Filter>Header Files</Filter>
    </ClInclude>
    <ClInclude Include="include\display\lv_objx\lv_spinbox.h">
      <Filter>Header Files</Filter>
    </ClInclude>
    <ClInclude Include="include\display\lv_objx\lv_sw.h">
      <Filter>Header Files</Filter>
    </ClInclude>
    <ClInclude Include="include\display\lv_objx\lv_ta.h">
      <Filter>Header Files</Filter>
    </ClInclude>
    <ClInclude Include="include\display\lv_objx\lv_table.h">
      <Filter>Header Files</Filter>
    </ClInclude>
    <ClInclude Include="include\display\lv_objx\lv_tabview.h">
      <Filter>Header Files</Filter>
    </ClInclude>
    <ClInclude Include="include\display\lv_objx\lv_tileview.h">
      <Filter>Header Files</Filter>
    </ClInclude>
    <ClInclude Include="include\display\lv_objx\lv_win.h">
      <Filter>Header Files</Filter>
    </ClInclude>
    <ClInclude Include="include\display\lv_themes\lv_theme.h">
      <Filter>Header Files</Filter>
    </ClInclude>
    <ClInclude Include="include\display\lv_themes\lv_theme_alien.h">
      <Filter>Header Files</Filter>
    </ClInclude>
    <ClInclude Include="include\display\lv_themes\lv_theme_default.h">
      <Filter>Header Files</Filter>
    </ClInclude>
    <ClInclude Include="include\display\lv_themes\lv_theme_material.h">
      <Filter>Header Files</Filter>
    </ClInclude>
    <ClInclude Include="include\display\lv_themes\lv_theme_mono.h">
      <Filter>Header Files</Filter>
    </ClInclude>
    <ClInclude Include="include\display\lv_themes\lv_theme_nemo.h">
      <Filter>Header Files</Filter>
    </ClInclude>
    <ClInclude Include="include\display\lv_themes\lv_theme_night.h">
      <Filter>Header Files</Filter>
    </ClInclude>
    <ClInclude Include="include\display\lv_themes\lv_theme_templ.h">
      <Filter>Header Files</Filter>
    </ClInclude>
    <ClInclude Include="include\display\lv_themes\lv_theme_zen.h">
      <Filter>Header Files</Filter>
    </ClInclude>
    <ClInclude Include="include\display\lv_conf.h">
      <Filter>Header Files</Filter>
    </ClInclude>
    <ClInclude Include="include\display\lv_conf_checker.h">
      <Filter>Header Files</Filter>
    </ClInclude>
    <ClInclude Include="include\display\lv_version.h">
      <Filter>Header Files</Filter>
    </ClInclude>
    <ClInclude Include="include\display\lvgl.h">
      <Filter>Header Files</Filter>
    </ClInclude>
    <ClInclude Include="include\EZ-Template\drive\drive.hpp">
      <Filter>Header Files</Filter>
    </ClInclude>
    <ClInclude Include="include\EZ-Template\api.hpp">
      <Filter>Header Files</Filter>
    </ClInclude>
    <ClInclude Include="include\EZ-Template\auton.hpp">
      <Filter>Header Files</Filter>
    </ClInclude>
    <ClInclude Include="include\EZ-Template\auton_selector.hpp">
      <Filter>Header Files</Filter>
    </ClInclude>
    <ClInclude Include="include\EZ-Template\PID.hpp">
      <Filter>Header Files</Filter>
    </ClInclude>
    <ClInclude Include="include\EZ-Template\sdcard.hpp">
      <Filter>Header Files</Filter>
    </ClInclude>
    <ClInclude Include="include\EZ-Template\util.hpp">
      <Filter>Header Files</Filter>
    </ClInclude>
    <ClInclude Include="include\pros\adi.h">
      <Filter>Header Files</Filter>
    </ClInclude>
    <ClInclude Include="include\pros\adi.hpp">
      <Filter>Header Files</Filter>
    </ClInclude>
    <ClInclude Include="include\pros\api_legacy.h">
      <Filter>Header Files</Filter>
    </ClInclude>
    <ClInclude Include="include\pros\apix.h">
      <Filter>Header Files</Filter>
    </ClInclude>
    <ClInclude Include="include\pros\colors.h">
      <Filter>Header Files</Filter>
    </ClInclude>
    <ClInclude Include="include\pros\colors.hpp">
      <Filter>Header Files</Filter>
    </ClInclude>
    <ClInclude Include="include\pros\distance.h">
      <Filter>Header Files</Filter>
    </ClInclude>
    <ClInclude Include="include\pros\distance.hpp">
      <Filter>Header Files</Filter>
    </ClInclude>
    <ClInclude Include="include\pros\error.h">
      <Filter>Header Files</Filter>
    </ClInclude>
    <ClInclude Include="include\pros\ext_adi.h">
      <Filter>Header Files</Filter>
    </ClInclude>
    <ClInclude Include="include\pros\gps.h">
      <Filter>Header Files</Filter>
    </ClInclude>
    <ClInclude Include="include\pros\gps.hpp">
      <Filter>Header Files</Filter>
    </ClInclude>
    <ClInclude Include="include\pros\imu.h">
      <Filter>Header Files</Filter>
    </ClInclude>
    <ClInclude Include="include\pros\imu.hpp">
      <Filter>Header Files</Filter>
    </ClInclude>
    <ClInclude Include="include\pros\link.h">
      <Filter>Header Files</Filter>
    </ClInclude>
    <ClInclude Include="include\pros\link.hpp">
      <Filter>Header Files</Filter>
    </ClInclude>
    <ClInclude Include="include\pros\llemu.h">
      <Filter>Header Files</Filter>
    </ClInclude>
    <ClInclude Include="include\pros\llemu.hpp">
      <Filter>Header Files</Filter>
    </ClInclude>
    <ClInclude Include="include\pros\misc.h">
      <Filter>Header Files</Filter>
    </ClInclude>
    <ClInclude Include="include\pros\misc.hpp">
      <Filter>Header Files</Filter>
    </ClInclude>
    <ClInclude Include="include\pros\motors.h">
      <Filter>Header Files</Filter>
    </ClInclude>
    <ClInclude Include="include\pros\motors.hpp">
      <Filter>Header Files</Filter>
    </ClInclude>
    <ClInclude Include="include\pros\optical.h">
      <Filter>Header Files</Filter>
    </ClInclude>
    <ClInclude Include="include\pros\optical.hpp">
      <Filter>Header Files</Filter>
    </ClInclude>
    <ClInclude Include="include\pros\rotation.h">
      <Filter>Header Files</Filter>
    </ClInclude>
    <ClInclude Include="include\pros\rotation.hpp">
      <Filter>Header Files</Filter>
    </ClInclude>
    <ClInclude Include="include\pros\rtos.h">
      <Filter>Header Files</Filter>
    </ClInclude>
    <ClInclude Include="include\pros\rtos.hpp">
      <Filter>Header Files</Filter>
    </ClInclude>
    <ClInclude Include="include\pros\screen.h">
      <Filter>Header Files</Filter>
    </ClInclude>
    <ClInclude Include="include\pros\screen.hpp">
      <Filter>Header Files</Filter>
    </ClInclude>
    <ClInclude Include="include\pros\serial.h">
      <Filter>Header Files</Filter>
    </ClInclude>
    <ClInclude Include="include\pros\serial.hpp">
      <Filter>Header Files</Filter>
    </ClInclude>
    <ClInclude Include="include\pros\vision.h">
      <Filter>Header Files</Filter>
    </ClInclude>
    <ClInclude Include="include\pros\vision.hpp">
      <Filter>Header Files</Filter>
    </ClInclude>
    <ClInclude Include="include\api.h">
      <Filter>Header Files</Filter>
    </ClInclude>
    <ClInclude Include="include\autons.hpp">
      <Filter>Header Files</Filter>
    </ClInclude>
    <ClInclude Include="include\main.h">
      <Filter>Header Files</Filter>
    </ClInclude>
    <ClInclude Include="include\organiz\opcontrol.h">
      <Filter>Header Files</Filter>
    </ClInclude>
    <ClInclude Include="include\organiz.h">
      <Filter>Header Files</Filter>
    </ClInclude>
  </ItemGroup>
  <ItemGroup>
    <Library Include="Example-Project\firmware\EZ-Template.a" />
    <Library Include="Example-Project\firmware\libc.a" />
    <Library Include="Example-Project\firmware\libm.a" />
    <Library Include="Example-Project\firmware\libpros.a" />
  </ItemGroup>
  <ItemGroup>
    <Object Include="Example-Project\bin\_pros_ld_timestamp.o" />
    <Object Include="Example-Project\bin\autons.cpp.o" />
    <Object Include="Example-Project\bin\main.cpp.o" />
  </ItemGroup>
</Project>